
Microsoft Visual Studio Solution File, Format Version 11.00
# Visual Studio 2010
Project("{FAE04EC0-301F-11D3-BF4B-00C04F79EFBC}") = "SystemsOfLinearEquations.Domain", "SystemsOfLinearEquations\SystemsOfLinearEquations.Domain.csproj", "{49DEBDED-6518-48E5-9370-320775B68B30}"
EndProject
Project("{FAE04EC0-301F-11D3-BF4B-00C04F79EFBC}") = "SystemsOfLinearEquations.WebUI", "WebUI\SystemsOfLinearEquations.WebUI.csproj", "{57D3878B-9A29-4227-A3E0-69AF7DFB1073}"
EndProject
Global
	GlobalSection(SolutionConfigurationPlatforms) = preSolution
		Debug|Any CPU = Debug|Any CPU
		Release|Any CPU = Release|Any CPU
	EndGlobalSection
	GlobalSection(ProjectConfigurationPlatforms) = postSolution
		{49DEBDED-6518-48E5-9370-320775B68B30}.Debug|Any CPU.ActiveCfg = Debug|Any CPU
		{49DEBDED-6518-48E5-9370-320775B68B30}.Debug|Any CPU.Build.0 = Debug|Any CPU
		{49DEBDED-6518-48E5-9370-320775B68B30}.Release|Any CPU.ActiveCfg = Release|Any CPU
		{49DEBDED-6518-48E5-9370-320775B68B30}.Release|Any CPU.Build.0 = Release|Any CPU
		{57D3878B-9A29-4227-A3E0-69AF7DFB1073}.Debug|Any CPU.ActiveCfg = Debug|Any CPU
		{57D3878B-9A29-4227-A3E0-69AF7DFB1073}.Debug|Any CPU.Build.0 = Debug|Any CPU
		{57D3878B-9A29-4227-A3E0-69AF7DFB1073}.Release|Any CPU.ActiveCfg = Release|Any CPU
		{57D3878B-9A29-4227-A3E0-69AF7DFB1073}.Release|Any CPU.Build.0 = Release|Any CPU
	EndGlobalSection
	GlobalSection(SolutionProperties) = preSolution
		HideSolutionNode = FALSE
	EndGlobalSection
EndGlobal
